// !$*UTF8*$!
{
	archiveVersion = 1;
	classes = {
	};
	objectVersion = 50;
	objects = {

/* Begin PBXBuildFile section */
		28F9ACF092323B75AEEF984F /* Pods_CryptoCurrencyTest.framework in Frameworks */ = {isa = PBXBuildFile; fileRef = E5617E1ADEFE1D2EDBCA6B59 /* Pods_CryptoCurrencyTest.framework */; };
		7A729FB39782D8A4DE9590BF /* Pods_CryptoCurrencyUnitTests.framework in Frameworks */ = {isa = PBXBuildFile; fileRef = 47652258CB0A99F319CA75D5 /* Pods_CryptoCurrencyUnitTests.framework */; };
		D92268AB20C40804001A1ACF /* AppDelegate.swift in Sources */ = {isa = PBXBuildFile; fileRef = D92268AA20C40804001A1ACF /* AppDelegate.swift */; };
		D92268B220C40804001A1ACF /* Assets.xcassets in Resources */ = {isa = PBXBuildFile; fileRef = D92268B120C40804001A1ACF /* Assets.xcassets */; };
		D92268B520C40804001A1ACF /* LaunchScreen.storyboard in Resources */ = {isa = PBXBuildFile; fileRef = D92268B320C40804001A1ACF /* LaunchScreen.storyboard */; };
		D92268C120C40ADB001A1ACF /* CurrencyListVC.swift in Sources */ = {isa = PBXBuildFile; fileRef = D92268BF20C40ADB001A1ACF /* CurrencyListVC.swift */; };
		D92268C220C40ADB001A1ACF /* CurrencyListVC.xib in Resources */ = {isa = PBXBuildFile; fileRef = D92268C020C40ADB001A1ACF /* CurrencyListVC.xib */; };
		D92268C420C40BD8001A1ACF /* CurrencyListPresenter.swift in Sources */ = {isa = PBXBuildFile; fileRef = D92268C320C40BD8001A1ACF /* CurrencyListPresenter.swift */; };
		D92268C620C40BE9001A1ACF /* CurrencyListInteractor.swift in Sources */ = {isa = PBXBuildFile; fileRef = D92268C520C40BE9001A1ACF /* CurrencyListInteractor.swift */; };
		D92268C820C40C04001A1ACF /* CurrencyListView.swift in Sources */ = {isa = PBXBuildFile; fileRef = D92268C720C40C04001A1ACF /* CurrencyListView.swift */; };
		D92268CA20C40CD9001A1ACF /* CurrencyListViewModel.swift in Sources */ = {isa = PBXBuildFile; fileRef = D92268C920C40CD9001A1ACF /* CurrencyListViewModel.swift */; };
		D92268CE20C4103B001A1ACF /* APIClient.swift in Sources */ = {isa = PBXBuildFile; fileRef = D92268CD20C4103B001A1ACF /* APIClient.swift */; };
		D92268D020C413AE001A1ACF /* ListCoinsWorker.swift in Sources */ = {isa = PBXBuildFile; fileRef = D92268CF20C413AE001A1ACF /* ListCoinsWorker.swift */; };
		D92268D320C423A3001A1ACF /* InteractorObserverProtocol.swift in Sources */ = {isa = PBXBuildFile; fileRef = D92268D220C423A3001A1ACF /* InteractorObserverProtocol.swift */; };
		D92268D520C42673001A1ACF /* Coin.swift in Sources */ = {isa = PBXBuildFile; fileRef = D92268D420C42673001A1ACF /* Coin.swift */; };
		D93599DE20C4422A00237C51 /* CurrencyViewModel.swift in Sources */ = {isa = PBXBuildFile; fileRef = D93599DD20C4422A00237C51 /* CurrencyViewModel.swift */; };
		D93599E220C4467500237C51 /* CurrencyListCell.swift in Sources */ = {isa = PBXBuildFile; fileRef = D93599E020C4467500237C51 /* CurrencyListCell.swift */; };
		D93599E320C4467500237C51 /* CurrencyListCell.xib in Resources */ = {isa = PBXBuildFile; fileRef = D93599E120C4467500237C51 /* CurrencyListCell.xib */; };
		D93599E620C4486D00237C51 /* StringExtensions.swift in Sources */ = {isa = PBXBuildFile; fileRef = D93599E520C4486D00237C51 /* StringExtensions.swift */; };
		D93599E820C44B2100237C51 /* DoubleExtension.swift in Sources */ = {isa = PBXBuildFile; fileRef = D93599E720C44B2100237C51 /* DoubleExtension.swift */; };
		D93599EA20C45A3F00237C51 /* UserDefaultsExtension.swift in Sources */ = {isa = PBXBuildFile; fileRef = D93599E920C45A3F00237C51 /* UserDefaultsExtension.swift */; };
		D93599F620C489B300237C51 /* CurrencyDetailVC.swift in Sources */ = {isa = PBXBuildFile; fileRef = D93599F420C489B300237C51 /* CurrencyDetailVC.swift */; };
		D93599F720C489B300237C51 /* CurrencyDetailVC.xib in Resources */ = {isa = PBXBuildFile; fileRef = D93599F520C489B300237C51 /* CurrencyDetailVC.xib */; };
		D93599F920C489C900237C51 /* CurrencyDetailPresenter.swift in Sources */ = {isa = PBXBuildFile; fileRef = D93599F820C489C900237C51 /* CurrencyDetailPresenter.swift */; };
		D93599FB20C489D300237C51 /* CurrencyDetailInteractor.swift in Sources */ = {isa = PBXBuildFile; fileRef = D93599FA20C489D300237C51 /* CurrencyDetailInteractor.swift */; };
		D93599FD20C489EE00237C51 /* CurrencyDetailView.swift in Sources */ = {isa = PBXBuildFile; fileRef = D93599FC20C489EE00237C51 /* CurrencyDetailView.swift */; };
		D93599FF20C5BFFF00237C51 /* NewTradeWorker.swift in Sources */ = {isa = PBXBuildFile; fileRef = D93599FE20C5BFFF00237C51 /* NewTradeWorker.swift */; };
		D9359A0120C5C10A00237C51 /* DateExtension.swift in Sources */ = {isa = PBXBuildFile; fileRef = D9359A0020C5C10A00237C51 /* DateExtension.swift */; };
		D93EFA9220C5D16400175C85 /* PortfolioVC.swift in Sources */ = {isa = PBXBuildFile; fileRef = D93EFA9020C5D16400175C85 /* PortfolioVC.swift */; };
		D93EFA9320C5D16400175C85 /* PortfolioVC.xib in Resources */ = {isa = PBXBuildFile; fileRef = D93EFA9120C5D16400175C85 /* PortfolioVC.xib */; };
		D93EFA9520C5D17100175C85 /* PortfolioPresenter.swift in Sources */ = {isa = PBXBuildFile; fileRef = D93EFA9420C5D17100175C85 /* PortfolioPresenter.swift */; };
		D93EFA9720C5D17E00175C85 /* PortfolioInteractor.swift in Sources */ = {isa = PBXBuildFile; fileRef = D93EFA9620C5D17E00175C85 /* PortfolioInteractor.swift */; };
		D93EFA9920C5D18F00175C85 /* PortfolioView.swift in Sources */ = {isa = PBXBuildFile; fileRef = D93EFA9820C5D18F00175C85 /* PortfolioView.swift */; };
		D93EFA9B20C5D5E200175C85 /* PortfolioListWorker.swift in Sources */ = {isa = PBXBuildFile; fileRef = D93EFA9A20C5D5E200175C85 /* PortfolioListWorker.swift */; };
		D93EFA9D20C5DFD500175C85 /* Trade.swift in Sources */ = {isa = PBXBuildFile; fileRef = D93EFA9C20C5DFD500175C85 /* Trade.swift */; };
		D93EFA9F20C5E40F00175C85 /* CoinWorker.swift in Sources */ = {isa = PBXBuildFile; fileRef = D93EFA9E20C5E40F00175C85 /* CoinWorker.swift */; };
		D9404A4620C5ED9100B15CB2 /* TradeViewModel.swift in Sources */ = {isa = PBXBuildFile; fileRef = D9404A4520C5ED9100B15CB2 /* TradeViewModel.swift */; };
		D9404A4820C5EEB100B15CB2 /* TradesListViewModel.swift in Sources */ = {isa = PBXBuildFile; fileRef = D9404A4720C5EEB100B15CB2 /* TradesListViewModel.swift */; };
		D9404A4C20C7030B00B15CB2 /* PortfolioListCell.swift in Sources */ = {isa = PBXBuildFile; fileRef = D9404A4A20C7030B00B15CB2 /* PortfolioListCell.swift */; };
		D9404A4D20C7030B00B15CB2 /* PortfolioListCell.xib in Resources */ = {isa = PBXBuildFile; fileRef = D9404A4B20C7030B00B15CB2 /* PortfolioListCell.xib */; };
		D9404A5020C706C700B15CB2 /* LineChart.swift in Sources */ = {isa = PBXBuildFile; fileRef = D9404A4F20C706C700B15CB2 /* LineChart.swift */; };
		D9404A5320C7090200B15CB2 /* GetChartData.swift in Sources */ = {isa = PBXBuildFile; fileRef = D9404A5220C7090200B15CB2 /* GetChartData.swift */; };
		D9404A5520C70E1600B15CB2 /* ChartFormatter.swift in Sources */ = {isa = PBXBuildFile; fileRef = D9404A5420C70E1600B15CB2 /* ChartFormatter.swift */; };
		D9404A5720C716A400B15CB2 /* CurrencyValue.swift in Sources */ = {isa = PBXBuildFile; fileRef = D9404A5620C716A400B15CB2 /* CurrencyValue.swift */; };
		D9404A5920C7196200B15CB2 /* HistoricalListWorker.swift in Sources */ = {isa = PBXBuildFile; fileRef = D9404A5820C7196200B15CB2 /* HistoricalListWorker.swift */; };
		D9404A5D20C71C9B00B15CB2 /* CurrencyValueViewModel.swift in Sources */ = {isa = PBXBuildFile; fileRef = D9404A5C20C71C9B00B15CB2 /* CurrencyValueViewModel.swift */; };
		D9404A6720C72FC800B15CB2 /* CryptoCurrencyTestUITests.swift in Sources */ = {isa = PBXBuildFile; fileRef = D9404A6620C72FC800B15CB2 /* CryptoCurrencyTestUITests.swift */; };
		D9404A8020C85B4200B15CB2 /* DataLayerUnitTest.swift in Sources */ = {isa = PBXBuildFile; fileRef = D9404A7F20C85B4200B15CB2 /* DataLayerUnitTest.swift */; };
		D9404A8220C85E2700B15CB2 /* CurrencyListUnitTest.swift in Sources */ = {isa = PBXBuildFile; fileRef = D9404A8120C85E2700B15CB2 /* CurrencyListUnitTest.swift */; };
		D9B9924420C8653600024CC8 /* CurrencyDetailUnitTest.swift in Sources */ = {isa = PBXBuildFile; fileRef = D9B9924320C8653600024CC8 /* CurrencyDetailUnitTest.swift */; };
		D9B9924620C865D400024CC8 /* XCTExtension.swift in Sources */ = {isa = PBXBuildFile; fileRef = D9B9924520C865D400024CC8 /* XCTExtension.swift */; };
/* End PBXBuildFile section */

/* Begin PBXContainerItemProxy section */
		D9404A6920C72FC800B15CB2 /* PBXContainerItemProxy */ = {
			isa = PBXContainerItemProxy;
			containerPortal = D922689F20C40804001A1ACF /* Project object */;
			proxyType = 1;
			remoteGlobalIDString = D92268A620C40804001A1ACF;
			remoteInfo = CryptoCurrencyTest;
		};
		D9404A7720C8587D00B15CB2 /* PBXContainerItemProxy */ = {
			isa = PBXContainerItemProxy;
			containerPortal = D922689F20C40804001A1ACF /* Project object */;
			proxyType = 1;
			remoteGlobalIDString = D92268A620C40804001A1ACF;
			remoteInfo = CryptoCurrencyTest;
		};
/* End PBXContainerItemProxy section */

/* Begin PBXFileReference section */
		388737BA21884DFBAC528688 /* Pods-CryptoCurrencyTest.release.xcconfig */ = {isa = PBXFileReference; includeInIndex = 1; lastKnownFileType = text.xcconfig; name = "Pods-CryptoCurrencyTest.release.xcconfig"; path = "Pods/Target Support Files/Pods-CryptoCurrencyTest/Pods-CryptoCurrencyTest.release.xcconfig"; sourceTree = "<group>"; };
		471B817B53DB73837ED31036 /* Pods-CryptoCurrencyUnitTests.debug.xcconfig */ = {isa = PBXFileReference; includeInIndex = 1; lastKnownFileType = text.xcconfig; name = "Pods-CryptoCurrencyUnitTests.debug.xcconfig"; path = "Pods/Target Support Files/Pods-CryptoCurrencyUnitTests/Pods-CryptoCurrencyUnitTests.debug.xcconfig"; sourceTree = "<group>"; };
		47652258CB0A99F319CA75D5 /* Pods_CryptoCurrencyUnitTests.framework */ = {isa = PBXFileReference; explicitFileType = wrapper.framework; includeInIndex = 0; path = Pods_CryptoCurrencyUnitTests.framework; sourceTree = BUILT_PRODUCTS_DIR; };
		92B8B540BC4AAEF3F3E8E69A /* Pods-CryptoCurrencyUnitTests.release.xcconfig */ = {isa = PBXFileReference; includeInIndex = 1; lastKnownFileType = text.xcconfig; name = "Pods-CryptoCurrencyUnitTests.release.xcconfig"; path = "Pods/Target Support Files/Pods-CryptoCurrencyUnitTests/Pods-CryptoCurrencyUnitTests.release.xcconfig"; sourceTree = "<group>"; };
		9F0144853DC6B3D2EDE72CD5 /* Pods-CryptoCurrencyTest.debug.xcconfig */ = {isa = PBXFileReference; includeInIndex = 1; lastKnownFileType = text.xcconfig; name = "Pods-CryptoCurrencyTest.debug.xcconfig"; path = "Pods/Target Support Files/Pods-CryptoCurrencyTest/Pods-CryptoCurrencyTest.debug.xcconfig"; sourceTree = "<group>"; };
		D92268A720C40804001A1ACF /* CryptoCurrencyTest.app */ = {isa = PBXFileReference; explicitFileType = wrapper.application; includeInIndex = 0; path = CryptoCurrencyTest.app; sourceTree = BUILT_PRODUCTS_DIR; };
		D92268AA20C40804001A1ACF /* AppDelegate.swift */ = {isa = PBXFileReference; lastKnownFileType = sourcecode.swift; path = AppDelegate.swift; sourceTree = "<group>"; };
		D92268B120C40804001A1ACF /* Assets.xcassets */ = {isa = PBXFileReference; lastKnownFileType = folder.assetcatalog; path = Assets.xcassets; sourceTree = "<group>"; };
		D92268B420C40804001A1ACF /* Base */ = {isa = PBXFileReference; lastKnownFileType = file.storyboard; name = Base; path = Base.lproj/LaunchScreen.storyboard; sourceTree = "<group>"; };
		D92268B620C40805001A1ACF /* Info.plist */ = {isa = PBXFileReference; lastKnownFileType = text.plist.xml; path = Info.plist; sourceTree = "<group>"; };
		D92268BF20C40ADB001A1ACF /* CurrencyListVC.swift */ = {isa = PBXFileReference; lastKnownFileType = sourcecode.swift; path = CurrencyListVC.swift; sourceTree = "<group>"; };
		D92268C020C40ADB001A1ACF /* CurrencyListVC.xib */ = {isa = PBXFileReference; lastKnownFileType = file.xib; path = CurrencyListVC.xib; sourceTree = "<group>"; };
		D92268C320C40BD8001A1ACF /* CurrencyListPresenter.swift */ = {isa = PBXFileReference; lastKnownFileType = sourcecode.swift; path = CurrencyListPresenter.swift; sourceTree = "<group>"; };
		D92268C520C40BE9001A1ACF /* CurrencyListInteractor.swift */ = {isa = PBXFileReference; lastKnownFileType = sourcecode.swift; path = CurrencyListInteractor.swift; sourceTree = "<group>"; };
		D92268C720C40C04001A1ACF /* CurrencyListView.swift */ = {isa = PBXFileReference; lastKnownFileType = sourcecode.swift; path = CurrencyListView.swift; sourceTree = "<group>"; };
		D92268C920C40CD9001A1ACF /* CurrencyListViewModel.swift */ = {isa = PBXFileReference; lastKnownFileType = sourcecode.swift; path = CurrencyListViewModel.swift; sourceTree = "<group>"; };
		D92268CD20C4103B001A1ACF /* APIClient.swift */ = {isa = PBXFileReference; lastKnownFileType = sourcecode.swift; path = APIClient.swift; sourceTree = "<group>"; };
		D92268CF20C413AE001A1ACF /* ListCoinsWorker.swift */ = {isa = PBXFileReference; lastKnownFileType = sourcecode.swift; path = ListCoinsWorker.swift; sourceTree = "<group>"; };
		D92268D220C423A3001A1ACF /* InteractorObserverProtocol.swift */ = {isa = PBXFileReference; lastKnownFileType = sourcecode.swift; path = InteractorObserverProtocol.swift; sourceTree = "<group>"; };
		D92268D420C42673001A1ACF /* Coin.swift */ = {isa = PBXFileReference; lastKnownFileType = sourcecode.swift; path = Coin.swift; sourceTree = "<group>"; };
		D93599DD20C4422A00237C51 /* CurrencyViewModel.swift */ = {isa = PBXFileReference; lastKnownFileType = sourcecode.swift; path = CurrencyViewModel.swift; sourceTree = "<group>"; };
		D93599E020C4467500237C51 /* CurrencyListCell.swift */ = {isa = PBXFileReference; lastKnownFileType = sourcecode.swift; path = CurrencyListCell.swift; sourceTree = "<group>"; };
		D93599E120C4467500237C51 /* CurrencyListCell.xib */ = {isa = PBXFileReference; lastKnownFileType = file.xib; path = CurrencyListCell.xib; sourceTree = "<group>"; };
		D93599E520C4486D00237C51 /* StringExtensions.swift */ = {isa = PBXFileReference; lastKnownFileType = sourcecode.swift; path = StringExtensions.swift; sourceTree = "<group>"; };
		D93599E720C44B2100237C51 /* DoubleExtension.swift */ = {isa = PBXFileReference; lastKnownFileType = sourcecode.swift; path = DoubleExtension.swift; sourceTree = "<group>"; };
		D93599E920C45A3F00237C51 /* UserDefaultsExtension.swift */ = {isa = PBXFileReference; lastKnownFileType = sourcecode.swift; path = UserDefaultsExtension.swift; sourceTree = "<group>"; };
		D93599F420C489B300237C51 /* CurrencyDetailVC.swift */ = {isa = PBXFileReference; lastKnownFileType = sourcecode.swift; path = CurrencyDetailVC.swift; sourceTree = "<group>"; };
		D93599F520C489B300237C51 /* CurrencyDetailVC.xib */ = {isa = PBXFileReference; lastKnownFileType = file.xib; path = CurrencyDetailVC.xib; sourceTree = "<group>"; };
		D93599F820C489C900237C51 /* CurrencyDetailPresenter.swift */ = {isa = PBXFileReference; lastKnownFileType = sourcecode.swift; path = CurrencyDetailPresenter.swift; sourceTree = "<group>"; };
		D93599FA20C489D300237C51 /* CurrencyDetailInteractor.swift */ = {isa = PBXFileReference; lastKnownFileType = sourcecode.swift; path = CurrencyDetailInteractor.swift; sourceTree = "<group>"; };
		D93599FC20C489EE00237C51 /* CurrencyDetailView.swift */ = {isa = PBXFileReference; lastKnownFileType = sourcecode.swift; path = CurrencyDetailView.swift; sourceTree = "<group>"; };
		D93599FE20C5BFFF00237C51 /* NewTradeWorker.swift */ = {isa = PBXFileReference; lastKnownFileType = sourcecode.swift; path = NewTradeWorker.swift; sourceTree = "<group>"; };
		D9359A0020C5C10A00237C51 /* DateExtension.swift */ = {isa = PBXFileReference; lastKnownFileType = sourcecode.swift; path = DateExtension.swift; sourceTree = "<group>"; };
		D93EFA9020C5D16400175C85 /* PortfolioVC.swift */ = {isa = PBXFileReference; lastKnownFileType = sourcecode.swift; path = PortfolioVC.swift; sourceTree = "<group>"; };
		D93EFA9120C5D16400175C85 /* PortfolioVC.xib */ = {isa = PBXFileReference; lastKnownFileType = file.xib; path = PortfolioVC.xib; sourceTree = "<group>"; };
		D93EFA9420C5D17100175C85 /* PortfolioPresenter.swift */ = {isa = PBXFileReference; lastKnownFileType = sourcecode.swift; path = PortfolioPresenter.swift; sourceTree = "<group>"; };
		D93EFA9620C5D17E00175C85 /* PortfolioInteractor.swift */ = {isa = PBXFileReference; lastKnownFileType = sourcecode.swift; path = PortfolioInteractor.swift; sourceTree = "<group>"; };
		D93EFA9820C5D18F00175C85 /* PortfolioView.swift */ = {isa = PBXFileReference; lastKnownFileType = sourcecode.swift; path = PortfolioView.swift; sourceTree = "<group>"; };
		D93EFA9A20C5D5E200175C85 /* PortfolioListWorker.swift */ = {isa = PBXFileReference; lastKnownFileType = sourcecode.swift; path = PortfolioListWorker.swift; sourceTree = "<group>"; };
		D93EFA9C20C5DFD500175C85 /* Trade.swift */ = {isa = PBXFileReference; lastKnownFileType = sourcecode.swift; path = Trade.swift; sourceTree = "<group>"; };
		D93EFA9E20C5E40F00175C85 /* CoinWorker.swift */ = {isa = PBXFileReference; lastKnownFileType = sourcecode.swift; path = CoinWorker.swift; sourceTree = "<group>"; };
		D9404A4520C5ED9100B15CB2 /* TradeViewModel.swift */ = {isa = PBXFileReference; lastKnownFileType = sourcecode.swift; path = TradeViewModel.swift; sourceTree = "<group>"; };
		D9404A4720C5EEB100B15CB2 /* TradesListViewModel.swift */ = {isa = PBXFileReference; lastKnownFileType = sourcecode.swift; path = TradesListViewModel.swift; sourceTree = "<group>"; };
		D9404A4A20C7030B00B15CB2 /* PortfolioListCell.swift */ = {isa = PBXFileReference; lastKnownFileType = sourcecode.swift; path = PortfolioListCell.swift; sourceTree = "<group>"; };
		D9404A4B20C7030B00B15CB2 /* PortfolioListCell.xib */ = {isa = PBXFileReference; lastKnownFileType = file.xib; path = PortfolioListCell.xib; sourceTree = "<group>"; };
		D9404A4F20C706C700B15CB2 /* LineChart.swift */ = {isa = PBXFileReference; lastKnownFileType = sourcecode.swift; path = LineChart.swift; sourceTree = "<group>"; };
		D9404A5220C7090200B15CB2 /* GetChartData.swift */ = {isa = PBXFileReference; lastKnownFileType = sourcecode.swift; path = GetChartData.swift; sourceTree = "<group>"; };
		D9404A5420C70E1600B15CB2 /* ChartFormatter.swift */ = {isa = PBXFileReference; lastKnownFileType = sourcecode.swift; path = ChartFormatter.swift; sourceTree = "<group>"; };
		D9404A5620C716A400B15CB2 /* CurrencyValue.swift */ = {isa = PBXFileReference; lastKnownFileType = sourcecode.swift; path = CurrencyValue.swift; sourceTree = "<group>"; };
		D9404A5820C7196200B15CB2 /* HistoricalListWorker.swift */ = {isa = PBXFileReference; lastKnownFileType = sourcecode.swift; path = HistoricalListWorker.swift; sourceTree = "<group>"; };
		D9404A5C20C71C9B00B15CB2 /* CurrencyValueViewModel.swift */ = {isa = PBXFileReference; lastKnownFileType = sourcecode.swift; path = CurrencyValueViewModel.swift; sourceTree = "<group>"; };
		D9404A6420C72FC800B15CB2 /* CryptoCurrencyTestUITests.xctest */ = {isa = PBXFileReference; explicitFileType = wrapper.cfbundle; includeInIndex = 0; path = CryptoCurrencyTestUITests.xctest; sourceTree = BUILT_PRODUCTS_DIR; };
		D9404A6620C72FC800B15CB2 /* CryptoCurrencyTestUITests.swift */ = {isa = PBXFileReference; lastKnownFileType = sourcecode.swift; path = CryptoCurrencyTestUITests.swift; sourceTree = "<group>"; };
		D9404A6820C72FC800B15CB2 /* Info.plist */ = {isa = PBXFileReference; lastKnownFileType = text.plist.xml; path = Info.plist; sourceTree = "<group>"; };
		D9404A7220C8587D00B15CB2 /* CryptoCurrencyUnitTests.xctest */ = {isa = PBXFileReference; explicitFileType = wrapper.cfbundle; includeInIndex = 0; path = CryptoCurrencyUnitTests.xctest; sourceTree = BUILT_PRODUCTS_DIR; };
		D9404A7620C8587D00B15CB2 /* Info.plist */ = {isa = PBXFileReference; lastKnownFileType = text.plist.xml; path = Info.plist; sourceTree = "<group>"; };
		D9404A7F20C85B4200B15CB2 /* DataLayerUnitTest.swift */ = {isa = PBXFileReference; lastKnownFileType = sourcecode.swift; path = DataLayerUnitTest.swift; sourceTree = "<group>"; };
		D9404A8120C85E2700B15CB2 /* CurrencyListUnitTest.swift */ = {isa = PBXFileReference; lastKnownFileType = sourcecode.swift; path = CurrencyListUnitTest.swift; sourceTree = "<group>"; };
		D9B9924320C8653600024CC8 /* CurrencyDetailUnitTest.swift */ = {isa = PBXFileReference; lastKnownFileType = sourcecode.swift; path = CurrencyDetailUnitTest.swift; sourceTree = "<group>"; };
		D9B9924520C865D400024CC8 /* XCTExtension.swift */ = {isa = PBXFileReference; lastKnownFileType = sourcecode.swift; path = XCTExtension.swift; sourceTree = "<group>"; };
		E5617E1ADEFE1D2EDBCA6B59 /* Pods_CryptoCurrencyTest.framework */ = {isa = PBXFileReference; explicitFileType = wrapper.framework; includeInIndex = 0; path = Pods_CryptoCurrencyTest.framework; sourceTree = BUILT_PRODUCTS_DIR; };
/* End PBXFileReference section */

/* Begin PBXFrameworksBuildPhase section */
		D92268A420C40804001A1ACF /* Frameworks */ = {
			isa = PBXFrameworksBuildPhase;
			buildActionMask = 2147483647;
			files = (
				28F9ACF092323B75AEEF984F /* Pods_CryptoCurrencyTest.framework in Frameworks */,
			);
			runOnlyForDeploymentPostprocessing = 0;
		};
		D9404A6120C72FC800B15CB2 /* Frameworks */ = {
			isa = PBXFrameworksBuildPhase;
			buildActionMask = 2147483647;
			files = (
			);
			runOnlyForDeploymentPostprocessing = 0;
		};
		D9404A6F20C8587D00B15CB2 /* Frameworks */ = {
			isa = PBXFrameworksBuildPhase;
			buildActionMask = 2147483647;
			files = (
				7A729FB39782D8A4DE9590BF /* Pods_CryptoCurrencyUnitTests.framework in Frameworks */,
			);
			runOnlyForDeploymentPostprocessing = 0;
		};
/* End PBXFrameworksBuildPhase section */

/* Begin PBXGroup section */
		CB4B1FB23F95F90F2F517D3D /* Pods */ = {
			isa = PBXGroup;
			children = (
				9F0144853DC6B3D2EDE72CD5 /* Pods-CryptoCurrencyTest.debug.xcconfig */,
				388737BA21884DFBAC528688 /* Pods-CryptoCurrencyTest.release.xcconfig */,
				471B817B53DB73837ED31036 /* Pods-CryptoCurrencyUnitTests.debug.xcconfig */,
				92B8B540BC4AAEF3F3E8E69A /* Pods-CryptoCurrencyUnitTests.release.xcconfig */,
			);
			name = Pods;
			sourceTree = "<group>";
		};
		D922689E20C40804001A1ACF = {
			isa = PBXGroup;
			children = (
				D92268A920C40804001A1ACF /* CryptoCurrencyTest */,
				D9404A6520C72FC800B15CB2 /* CryptoCurrencyTestUITests */,
				D9404A7320C8587D00B15CB2 /* CryptoCurrencyUnitTests */,
				D92268A820C40804001A1ACF /* Products */,
				CB4B1FB23F95F90F2F517D3D /* Pods */,
				F0C49818D3576CA9B1CEA753 /* Frameworks */,
			);
			sourceTree = "<group>";
		};
		D92268A820C40804001A1ACF /* Products */ = {
			isa = PBXGroup;
			children = (
				D92268A720C40804001A1ACF /* CryptoCurrencyTest.app */,
				D9404A6420C72FC800B15CB2 /* CryptoCurrencyTestUITests.xctest */,
				D9404A7220C8587D00B15CB2 /* CryptoCurrencyUnitTests.xctest */,
			);
			name = Products;
			sourceTree = "<group>";
		};
		D92268A920C40804001A1ACF /* CryptoCurrencyTest */ = {
			isa = PBXGroup;
			children = (
				D92268AA20C40804001A1ACF /* AppDelegate.swift */,
				D92268CB20C40FDA001A1ACF /* NetworkLayer */,
				D92268CC20C40FE9001A1ACF /* DataLayer */,
				D93599DC20C4421000237C51 /* ViewModels */,
				D92268BD20C40AA2001A1ACF /* Controllers */,
				D9404A4E20C7069A00B15CB2 /* Libraries */,
				D93599E420C4485F00237C51 /* Utils */,
				D92268BC20C40A7B001A1ACF /* Resources */,
				D92268B620C40805001A1ACF /* Info.plist */,
			);
			path = CryptoCurrencyTest;
			sourceTree = "<group>";
		};
		D92268BC20C40A7B001A1ACF /* Resources */ = {
			isa = PBXGroup;
			children = (
				D92268B120C40804001A1ACF /* Assets.xcassets */,
				D92268B320C40804001A1ACF /* LaunchScreen.storyboard */,
			);
			path = Resources;
			sourceTree = "<group>";
		};
		D92268BD20C40AA2001A1ACF /* Controllers */ = {
			isa = PBXGroup;
			children = (
				D92268D220C423A3001A1ACF /* InteractorObserverProtocol.swift */,
				D92268BE20C40AC5001A1ACF /* CurrencyList */,
				D93599F320C4897300237C51 /* CurrencyDetail */,
				D93EFA8F20C5D11700175C85 /* PortfolioList */,
			);
			path = Controllers;
			sourceTree = "<group>";
		};
		D92268BE20C40AC5001A1ACF /* CurrencyList */ = {
			isa = PBXGroup;
			children = (
				D93599DF20C4465500237C51 /* Cells */,
				D92268BF20C40ADB001A1ACF /* CurrencyListVC.swift */,
				D92268C320C40BD8001A1ACF /* CurrencyListPresenter.swift */,
				D92268C520C40BE9001A1ACF /* CurrencyListInteractor.swift */,
				D92268C720C40C04001A1ACF /* CurrencyListView.swift */,
				D92268C020C40ADB001A1ACF /* CurrencyListVC.xib */,
			);
			path = CurrencyList;
			sourceTree = "<group>";
		};
		D92268CB20C40FDA001A1ACF /* NetworkLayer */ = {
			isa = PBXGroup;
			children = (
				D92268CD20C4103B001A1ACF /* APIClient.swift */,
				D92268CF20C413AE001A1ACF /* ListCoinsWorker.swift */,
				D93599FE20C5BFFF00237C51 /* NewTradeWorker.swift */,
				D93EFA9A20C5D5E200175C85 /* PortfolioListWorker.swift */,
				D93EFA9E20C5E40F00175C85 /* CoinWorker.swift */,
				D9404A5820C7196200B15CB2 /* HistoricalListWorker.swift */,
			);
			path = NetworkLayer;
			sourceTree = "<group>";
		};
		D92268CC20C40FE9001A1ACF /* DataLayer */ = {
			isa = PBXGroup;
			children = (
				D92268D420C42673001A1ACF /* Coin.swift */,
				D93EFA9C20C5DFD500175C85 /* Trade.swift */,
				D9404A5620C716A400B15CB2 /* CurrencyValue.swift */,
			);
			path = DataLayer;
			sourceTree = "<group>";
		};
		D93599DC20C4421000237C51 /* ViewModels */ = {
			isa = PBXGroup;
			children = (
				D93599DD20C4422A00237C51 /* CurrencyViewModel.swift */,
				D92268C920C40CD9001A1ACF /* CurrencyListViewModel.swift */,
				D9404A4520C5ED9100B15CB2 /* TradeViewModel.swift */,
				D9404A4720C5EEB100B15CB2 /* TradesListViewModel.swift */,
				D9404A5C20C71C9B00B15CB2 /* CurrencyValueViewModel.swift */,
			);
			path = ViewModels;
			sourceTree = "<group>";
		};
		D93599DF20C4465500237C51 /* Cells */ = {
			isa = PBXGroup;
			children = (
				D93599EB20C45FEA00237C51 /* CurrentListCells */,
			);
			path = Cells;
			sourceTree = "<group>";
		};
		D93599E420C4485F00237C51 /* Utils */ = {
			isa = PBXGroup;
			children = (
				D93599E520C4486D00237C51 /* StringExtensions.swift */,
				D93599E720C44B2100237C51 /* DoubleExtension.swift */,
				D93599E920C45A3F00237C51 /* UserDefaultsExtension.swift */,
				D9359A0020C5C10A00237C51 /* DateExtension.swift */,
			);
			path = Utils;
			sourceTree = "<group>";
		};
		D93599EB20C45FEA00237C51 /* CurrentListCells */ = {
			isa = PBXGroup;
			children = (
				D93599E020C4467500237C51 /* CurrencyListCell.swift */,
				D93599E120C4467500237C51 /* CurrencyListCell.xib */,
			);
			path = CurrentListCells;
			sourceTree = "<group>";
		};
		D93599F320C4897300237C51 /* CurrencyDetail */ = {
			isa = PBXGroup;
			children = (
				D93599F420C489B300237C51 /* CurrencyDetailVC.swift */,
				D93599F820C489C900237C51 /* CurrencyDetailPresenter.swift */,
				D93599FA20C489D300237C51 /* CurrencyDetailInteractor.swift */,
				D93599FC20C489EE00237C51 /* CurrencyDetailView.swift */,
				D93599F520C489B300237C51 /* CurrencyDetailVC.xib */,
			);
			path = CurrencyDetail;
			sourceTree = "<group>";
		};
		D93EFA8F20C5D11700175C85 /* PortfolioList */ = {
			isa = PBXGroup;
			children = (
				D9404A4920C702DF00B15CB2 /* Cells */,
				D93EFA9020C5D16400175C85 /* PortfolioVC.swift */,
				D93EFA9420C5D17100175C85 /* PortfolioPresenter.swift */,
				D93EFA9620C5D17E00175C85 /* PortfolioInteractor.swift */,
				D93EFA9820C5D18F00175C85 /* PortfolioView.swift */,
				D93EFA9120C5D16400175C85 /* PortfolioVC.xib */,
			);
			path = PortfolioList;
			sourceTree = "<group>";
		};
		D9404A4920C702DF00B15CB2 /* Cells */ = {
			isa = PBXGroup;
			children = (
				D9404A4A20C7030B00B15CB2 /* PortfolioListCell.swift */,
				D9404A4B20C7030B00B15CB2 /* PortfolioListCell.xib */,
			);
			path = Cells;
			sourceTree = "<group>";
		};
		D9404A4E20C7069A00B15CB2 /* Libraries */ = {
			isa = PBXGroup;
			children = (
				D9404A5120C706DE00B15CB2 /* Charts */,
			);
			path = Libraries;
			sourceTree = "<group>";
		};
		D9404A5120C706DE00B15CB2 /* Charts */ = {
			isa = PBXGroup;
			children = (
				D9404A5220C7090200B15CB2 /* GetChartData.swift */,
				D9404A5420C70E1600B15CB2 /* ChartFormatter.swift */,
				D9404A4F20C706C700B15CB2 /* LineChart.swift */,
			);
			path = Charts;
			sourceTree = "<group>";
		};
		D9404A6520C72FC800B15CB2 /* CryptoCurrencyTestUITests */ = {
			isa = PBXGroup;
			children = (
				D9404A6620C72FC800B15CB2 /* CryptoCurrencyTestUITests.swift */,
				D9404A6820C72FC800B15CB2 /* Info.plist */,
			);
			path = CryptoCurrencyTestUITests;
			sourceTree = "<group>";
		};
		D9404A7320C8587D00B15CB2 /* CryptoCurrencyUnitTests */ = {
			isa = PBXGroup;
			children = (
				D9404A7F20C85B4200B15CB2 /* DataLayerUnitTest.swift */,
				D9404A8120C85E2700B15CB2 /* CurrencyListUnitTest.swift */,
				D9B9924320C8653600024CC8 /* CurrencyDetailUnitTest.swift */,
				D9404A7620C8587D00B15CB2 /* Info.plist */,
				D9B9924520C865D400024CC8 /* XCTExtension.swift */,
			);
			path = CryptoCurrencyUnitTests;
			sourceTree = "<group>";
		};
		F0C49818D3576CA9B1CEA753 /* Frameworks */ = {
			isa = PBXGroup;
			children = (
				E5617E1ADEFE1D2EDBCA6B59 /* Pods_CryptoCurrencyTest.framework */,
				47652258CB0A99F319CA75D5 /* Pods_CryptoCurrencyUnitTests.framework */,
			);
			name = Frameworks;
			sourceTree = "<group>";
		};
/* End PBXGroup section */

/* Begin PBXNativeTarget section */
		D92268A620C40804001A1ACF /* CryptoCurrencyTest */ = {
			isa = PBXNativeTarget;
			buildConfigurationList = D92268B920C40805001A1ACF /* Build configuration list for PBXNativeTarget "CryptoCurrencyTest" */;
			buildPhases = (
				D4A7757B54BCD5409E20EE1C /* [CP] Check Pods Manifest.lock */,
				D92268A320C40804001A1ACF /* Sources */,
				D92268A420C40804001A1ACF /* Frameworks */,
				D92268A520C40804001A1ACF /* Resources */,
				9A32626585D20AE475E571FB /* [CP] Embed Pods Frameworks */,
			);
			buildRules = (
			);
			dependencies = (
			);
			name = CryptoCurrencyTest;
			productName = CryptoCurrencyTest;
			productReference = D92268A720C40804001A1ACF /* CryptoCurrencyTest.app */;
			productType = "com.apple.product-type.application";
		};
		D9404A6320C72FC800B15CB2 /* CryptoCurrencyTestUITests */ = {
			isa = PBXNativeTarget;
			buildConfigurationList = D9404A6D20C72FC800B15CB2 /* Build configuration list for PBXNativeTarget "CryptoCurrencyTestUITests" */;
			buildPhases = (
				D9404A6020C72FC800B15CB2 /* Sources */,
				D9404A6120C72FC800B15CB2 /* Frameworks */,
				D9404A6220C72FC800B15CB2 /* Resources */,
			);
			buildRules = (
			);
			dependencies = (
				D9404A6A20C72FC800B15CB2 /* PBXTargetDependency */,
			);
			name = CryptoCurrencyTestUITests;
			productName = CryptoCurrencyTestUITests;
			productReference = D9404A6420C72FC800B15CB2 /* CryptoCurrencyTestUITests.xctest */;
			productType = "com.apple.product-type.bundle.ui-testing";
		};
		D9404A7120C8587D00B15CB2 /* CryptoCurrencyUnitTests */ = {
			isa = PBXNativeTarget;
			buildConfigurationList = D9404A7920C8587D00B15CB2 /* Build configuration list for PBXNativeTarget "CryptoCurrencyUnitTests" */;
			buildPhases = (
				DA0B19F5FA71C18264E7B559 /* [CP] Check Pods Manifest.lock */,
				D9404A6E20C8587D00B15CB2 /* Sources */,
				D9404A6F20C8587D00B15CB2 /* Frameworks */,
				D9404A7020C8587D00B15CB2 /* Resources */,
				BA7D698EF086B5358034290E /* [CP] Embed Pods Frameworks */,
			);
			buildRules = (
			);
			dependencies = (
				D9404A7820C8587D00B15CB2 /* PBXTargetDependency */,
			);
			name = CryptoCurrencyUnitTests;
			productName = CryptoCurrencyUnitTests;
			productReference = D9404A7220C8587D00B15CB2 /* CryptoCurrencyUnitTests.xctest */;
			productType = "com.apple.product-type.bundle.unit-test";
		};
/* End PBXNativeTarget section */

/* Begin PBXProject section */
		D922689F20C40804001A1ACF /* Project object */ = {
			isa = PBXProject;
			attributes = {
				LastSwiftUpdateCheck = 0940;
				LastUpgradeCheck = 0940;
				ORGANIZATIONNAME = Mandaleo;
				TargetAttributes = {
					D92268A620C40804001A1ACF = {
						CreatedOnToolsVersion = 9.4;
					};
					D9404A6320C72FC800B15CB2 = {
						CreatedOnToolsVersion = 9.4;
						TestTargetID = D92268A620C40804001A1ACF;
					};
					D9404A7120C8587D00B15CB2 = {
						CreatedOnToolsVersion = 9.4;
						LastSwiftMigration = 0940;
						TestTargetID = D92268A620C40804001A1ACF;
					};
				};
			};
			buildConfigurationList = D92268A220C40804001A1ACF /* Build configuration list for PBXProject "CryptoCurrencyTest" */;
			compatibilityVersion = "Xcode 9.3";
			developmentRegion = en;
			hasScannedForEncodings = 0;
			knownRegions = (
				en,
				Base,
			);
			mainGroup = D922689E20C40804001A1ACF;
			productRefGroup = D92268A820C40804001A1ACF /* Products */;
			projectDirPath = "";
			projectRoot = "";
			targets = (
				D92268A620C40804001A1ACF /* CryptoCurrencyTest */,
				D9404A6320C72FC800B15CB2 /* CryptoCurrencyTestUITests */,
				D9404A7120C8587D00B15CB2 /* CryptoCurrencyUnitTests */,
			);
		};
/* End PBXProject section */

/* Begin PBXResourcesBuildPhase section */
		D92268A520C40804001A1ACF /* Resources */ = {
			isa = PBXResourcesBuildPhase;
			buildActionMask = 2147483647;
			files = (
				D9404A4D20C7030B00B15CB2 /* PortfolioListCell.xib in Resources */,
				D93599F720C489B300237C51 /* CurrencyDetailVC.xib in Resources */,
				D93599E320C4467500237C51 /* CurrencyListCell.xib in Resources */,
				D92268B520C40804001A1ACF /* LaunchScreen.storyboard in Resources */,
				D93EFA9320C5D16400175C85 /* PortfolioVC.xib in Resources */,
				D92268B220C40804001A1ACF /* Assets.xcassets in Resources */,
				D92268C220C40ADB001A1ACF /* CurrencyListVC.xib in Resources */,
			);
			runOnlyForDeploymentPostprocessing = 0;
		};
		D9404A6220C72FC800B15CB2 /* Resources */ = {
			isa = PBXResourcesBuildPhase;
			buildActionMask = 2147483647;
			files = (
			);
			runOnlyForDeploymentPostprocessing = 0;
		};
		D9404A7020C8587D00B15CB2 /* Resources */ = {
			isa = PBXResourcesBuildPhase;
			buildActionMask = 2147483647;
			files = (
			);
			runOnlyForDeploymentPostprocessing = 0;
		};
/* End PBXResourcesBuildPhase section */

/* Begin PBXShellScriptBuildPhase section */
		9A32626585D20AE475E571FB /* [CP] Embed Pods Frameworks */ = {
			isa = PBXShellScriptBuildPhase;
			buildActionMask = 2147483647;
			files = (
			);
			inputPaths = (
				"${SRCROOT}/Pods/Target Support Files/Pods-CryptoCurrencyTest/Pods-CryptoCurrencyTest-frameworks.sh",
				"${BUILT_PRODUCTS_DIR}/Alamofire/Alamofire.framework",
				"${BUILT_PRODUCTS_DIR}/Charts/Charts.framework",
				"${BUILT_PRODUCTS_DIR}/ChartsRealm/ChartsRealm.framework",
				"${BUILT_PRODUCTS_DIR}/Realm/Realm.framework",
				"${BUILT_PRODUCTS_DIR}/RealmSwift/RealmSwift.framework",
			);
			name = "[CP] Embed Pods Frameworks";
			outputPaths = (
				"${TARGET_BUILD_DIR}/${FRAMEWORKS_FOLDER_PATH}/Alamofire.framework",
				"${TARGET_BUILD_DIR}/${FRAMEWORKS_FOLDER_PATH}/Charts.framework",
				"${TARGET_BUILD_DIR}/${FRAMEWORKS_FOLDER_PATH}/ChartsRealm.framework",
				"${TARGET_BUILD_DIR}/${FRAMEWORKS_FOLDER_PATH}/Realm.framework",
				"${TARGET_BUILD_DIR}/${FRAMEWORKS_FOLDER_PATH}/RealmSwift.framework",
			);
			runOnlyForDeploymentPostprocessing = 0;
			shellPath = /bin/sh;
			shellScript = "\"${SRCROOT}/Pods/Target Support Files/Pods-CryptoCurrencyTest/Pods-CryptoCurrencyTest-frameworks.sh\"\n";
			showEnvVarsInLog = 0;
		};
		BA7D698EF086B5358034290E /* [CP] Embed Pods Frameworks */ = {
			isa = PBXShellScriptBuildPhase;
			buildActionMask = 2147483647;
			files = (
			);
			inputPaths = (
				"${SRCROOT}/Pods/Target Support Files/Pods-CryptoCurrencyUnitTests/Pods-CryptoCurrencyUnitTests-frameworks.sh",
				"${BUILT_PRODUCTS_DIR}/Realm/Realm.framework",
				"${BUILT_PRODUCTS_DIR}/RealmSwift/RealmSwift.framework",
			);
			name = "[CP] Embed Pods Frameworks";
			outputPaths = (
				"${TARGET_BUILD_DIR}/${FRAMEWORKS_FOLDER_PATH}/Realm.framework",
				"${TARGET_BUILD_DIR}/${FRAMEWORKS_FOLDER_PATH}/RealmSwift.framework",
			);
			runOnlyForDeploymentPostprocessing = 0;
			shellPath = /bin/sh;
			shellScript = "\"${SRCROOT}/Pods/Target Support Files/Pods-CryptoCurrencyUnitTests/Pods-CryptoCurrencyUnitTests-frameworks.sh\"\n";
			showEnvVarsInLog = 0;
		};
		D4A7757B54BCD5409E20EE1C /* [CP] Check Pods Manifest.lock */ = {
			isa = PBXShellScriptBuildPhase;
			buildActionMask = 2147483647;
			files = (
			);
			inputPaths = (
				"${PODS_PODFILE_DIR_PATH}/Podfile.lock",
				"${PODS_ROOT}/Manifest.lock",
			);
			name = "[CP] Check Pods Manifest.lock";
			outputPaths = (
				"$(DERIVED_FILE_DIR)/Pods-CryptoCurrencyTest-checkManifestLockResult.txt",
			);
			runOnlyForDeploymentPostprocessing = 0;
			shellPath = /bin/sh;
			shellScript = "diff \"${PODS_PODFILE_DIR_PATH}/Podfile.lock\" \"${PODS_ROOT}/Manifest.lock\" > /dev/null\nif [ $? != 0 ] ; then\n    # print error to STDERR\n    echo \"error: The sandbox is not in sync with the Podfile.lock. Run 'pod install' or update your CocoaPods installation.\" >&2\n    exit 1\nfi\n# This output is used by Xcode 'outputs' to avoid re-running this script phase.\necho \"SUCCESS\" > \"${SCRIPT_OUTPUT_FILE_0}\"\n";
			showEnvVarsInLog = 0;
		};
		DA0B19F5FA71C18264E7B559 /* [CP] Check Pods Manifest.lock */ = {
			isa = PBXShellScriptBuildPhase;
			buildActionMask = 2147483647;
			files = (
			);
			inputPaths = (
				"${PODS_PODFILE_DIR_PATH}/Podfile.lock",
				"${PODS_ROOT}/Manifest.lock",
			);
			name = "[CP] Check Pods Manifest.lock";
			outputPaths = (
				"$(DERIVED_FILE_DIR)/Pods-CryptoCurrencyUnitTests-checkManifestLockResult.txt",
			);
			runOnlyForDeploymentPostprocessing = 0;
			shellPath = /bin/sh;
			shellScript = "diff \"${PODS_PODFILE_DIR_PATH}/Podfile.lock\" \"${PODS_ROOT}/Manifest.lock\" > /dev/null\nif [ $? != 0 ] ; then\n    # print error to STDERR\n    echo \"error: The sandbox is not in sync with the Podfile.lock. Run 'pod install' or update your CocoaPods installation.\" >&2\n    exit 1\nfi\n# This output is used by Xcode 'outputs' to avoid re-running this script phase.\necho \"SUCCESS\" > \"${SCRIPT_OUTPUT_FILE_0}\"\n";
			showEnvVarsInLog = 0;
		};
/* End PBXShellScriptBuildPhase section */

/* Begin PBXSourcesBuildPhase section */
		D92268A320C40804001A1ACF /* Sources */ = {
			isa = PBXSourcesBuildPhase;
			buildActionMask = 2147483647;
			files = (
				D9404A4820C5EEB100B15CB2 /* TradesListViewModel.swift in Sources */,
				D92268D320C423A3001A1ACF /* InteractorObserverProtocol.swift in Sources */,
				D9404A5020C706C700B15CB2 /* LineChart.swift in Sources */,
				D93EFA9520C5D17100175C85 /* PortfolioPresenter.swift in Sources */,
				D93599DE20C4422A00237C51 /* CurrencyViewModel.swift in Sources */,
				D9404A4620C5ED9100B15CB2 /* TradeViewModel.swift in Sources */,
				D9404A5520C70E1600B15CB2 /* ChartFormatter.swift in Sources */,
				D9404A5920C7196200B15CB2 /* HistoricalListWorker.swift in Sources */,
				D93EFA9B20C5D5E200175C85 /* PortfolioListWorker.swift in Sources */,
				D93EFA9220C5D16400175C85 /* PortfolioVC.swift in Sources */,
				D92268AB20C40804001A1ACF /* AppDelegate.swift in Sources */,
				D92268CE20C4103B001A1ACF /* APIClient.swift in Sources */,
				D9404A5D20C71C9B00B15CB2 /* CurrencyValueViewModel.swift in Sources */,
				D93599E220C4467500237C51 /* CurrencyListCell.swift in Sources */,
				D93EFA9720C5D17E00175C85 /* PortfolioInteractor.swift in Sources */,
				D9404A4C20C7030B00B15CB2 /* PortfolioListCell.swift in Sources */,
				D93599FF20C5BFFF00237C51 /* NewTradeWorker.swift in Sources */,
				D92268D020C413AE001A1ACF /* ListCoinsWorker.swift in Sources */,
				D92268CA20C40CD9001A1ACF /* CurrencyListViewModel.swift in Sources */,
				D93599F920C489C900237C51 /* CurrencyDetailPresenter.swift in Sources */,
				D93EFA9F20C5E40F00175C85 /* CoinWorker.swift in Sources */,
				D93EFA9D20C5DFD500175C85 /* Trade.swift in Sources */,
				D93599FB20C489D300237C51 /* CurrencyDetailInteractor.swift in Sources */,
				D92268C620C40BE9001A1ACF /* CurrencyListInteractor.swift in Sources */,
				D92268C420C40BD8001A1ACF /* CurrencyListPresenter.swift in Sources */,
				D92268C820C40C04001A1ACF /* CurrencyListView.swift in Sources */,
				D93599EA20C45A3F00237C51 /* UserDefaultsExtension.swift in Sources */,
				D92268D520C42673001A1ACF /* Coin.swift in Sources */,
				D93599E620C4486D00237C51 /* StringExtensions.swift in Sources */,
				D9359A0120C5C10A00237C51 /* DateExtension.swift in Sources */,
				D93599FD20C489EE00237C51 /* CurrencyDetailView.swift in Sources */,
				D9404A5720C716A400B15CB2 /* CurrencyValue.swift in Sources */,
				D93599F620C489B300237C51 /* CurrencyDetailVC.swift in Sources */,
				D93599E820C44B2100237C51 /* DoubleExtension.swift in Sources */,
				D9404A5320C7090200B15CB2 /* GetChartData.swift in Sources */,
				D92268C120C40ADB001A1ACF /* CurrencyListVC.swift in Sources */,
				D93EFA9920C5D18F00175C85 /* PortfolioView.swift in Sources */,
			);
			runOnlyForDeploymentPostprocessing = 0;
		};
		D9404A6020C72FC800B15CB2 /* Sources */ = {
			isa = PBXSourcesBuildPhase;
			buildActionMask = 2147483647;
			files = (
				D9404A6720C72FC800B15CB2 /* CryptoCurrencyTestUITests.swift in Sources */,
			);
			runOnlyForDeploymentPostprocessing = 0;
		};
		D9404A6E20C8587D00B15CB2 /* Sources */ = {
			isa = PBXSourcesBuildPhase;
			buildActionMask = 2147483647;
			files = (
				D9404A8220C85E2700B15CB2 /* CurrencyListUnitTest.swift in Sources */,
				D9B9924620C865D400024CC8 /* XCTExtension.swift in Sources */,
				D9B9924420C8653600024CC8 /* CurrencyDetailUnitTest.swift in Sources */,
				D9404A8020C85B4200B15CB2 /* DataLayerUnitTest.swift in Sources */,
			);
			runOnlyForDeploymentPostprocessing = 0;
		};
/* End PBXSourcesBuildPhase section */

/* Begin PBXTargetDependency section */
		D9404A6A20C72FC800B15CB2 /* PBXTargetDependency */ = {
			isa = PBXTargetDependency;
			target = D92268A620C40804001A1ACF /* CryptoCurrencyTest */;
			targetProxy = D9404A6920C72FC800B15CB2 /* PBXContainerItemProxy */;
		};
		D9404A7820C8587D00B15CB2 /* PBXTargetDependency */ = {
			isa = PBXTargetDependency;
			target = D92268A620C40804001A1ACF /* CryptoCurrencyTest */;
			targetProxy = D9404A7720C8587D00B15CB2 /* PBXContainerItemProxy */;
		};
/* End PBXTargetDependency section */

/* Begin PBXVariantGroup section */
		D92268B320C40804001A1ACF /* LaunchScreen.storyboard */ = {
			isa = PBXVariantGroup;
			children = (
				D92268B420C40804001A1ACF /* Base */,
			);
			name = LaunchScreen.storyboard;
			sourceTree = "<group>";
		};
/* End PBXVariantGroup section */

/* Begin XCBuildConfiguration section */
		D92268B720C40805001A1ACF /* Debug */ = {
			isa = XCBuildConfiguration;
			buildSettings = {
				ALWAYS_SEARCH_USER_PATHS = NO;
				CLANG_ANALYZER_NONNULL = YES;
				CLANG_ANALYZER_NUMBER_OBJECT_CONVERSION = YES_AGGRESSIVE;
				CLANG_CXX_LANGUAGE_STANDARD = "gnu++14";
				CLANG_CXX_LIBRARY = "libc++";
				CLANG_ENABLE_MODULES = YES;
				CLANG_ENABLE_OBJC_ARC = YES;
				CLANG_ENABLE_OBJC_WEAK = YES;
				CLANG_WARN_BLOCK_CAPTURE_AUTORELEASING = YES;
				CLANG_WARN_BOOL_CONVERSION = YES;
				CLANG_WARN_COMMA = YES;
				CLANG_WARN_CONSTANT_CONVERSION = YES;
				CLANG_WARN_DEPRECATED_OBJC_IMPLEMENTATIONS = YES;
				CLANG_WARN_DIRECT_OBJC_ISA_USAGE = YES_ERROR;
				CLANG_WARN_DOCUMENTATION_COMMENTS = YES;
				CLANG_WARN_EMPTY_BODY = YES;
				CLANG_WARN_ENUM_CONVERSION = YES;
				CLANG_WARN_INFINITE_RECURSION = YES;
				CLANG_WARN_INT_CONVERSION = YES;
				CLANG_WARN_NON_LITERAL_NULL_CONVERSION = YES;
				CLANG_WARN_OBJC_IMPLICIT_RETAIN_SELF = YES;
				CLANG_WARN_OBJC_LITERAL_CONVERSION = YES;
				CLANG_WARN_OBJC_ROOT_CLASS = YES_ERROR;
				CLANG_WARN_RANGE_LOOP_ANALYSIS = YES;
				CLANG_WARN_STRICT_PROTOTYPES = YES;
				CLANG_WARN_SUSPICIOUS_MOVE = YES;
				CLANG_WARN_UNGUARDED_AVAILABILITY = YES_AGGRESSIVE;
				CLANG_WARN_UNREACHABLE_CODE = YES;
				CLANG_WARN__DUPLICATE_METHOD_MATCH = YES;
				CODE_SIGN_IDENTITY = "iPhone Developer";
				COPY_PHASE_STRIP = NO;
				DEBUG_INFORMATION_FORMAT = dwarf;
				ENABLE_STRICT_OBJC_MSGSEND = YES;
				ENABLE_TESTABILITY = YES;
				GCC_C_LANGUAGE_STANDARD = gnu11;
				GCC_DYNAMIC_NO_PIC = NO;
				GCC_NO_COMMON_BLOCKS = YES;
				GCC_OPTIMIZATION_LEVEL = 0;
				GCC_PREPROCESSOR_DEFINITIONS = (
					"DEBUG=1",
					"$(inherited)",
				);
				GCC_WARN_64_TO_32_BIT_CONVERSION = YES;
				GCC_WARN_ABOUT_RETURN_TYPE = YES_ERROR;
				GCC_WARN_UNDECLARED_SELECTOR = YES;
				GCC_WARN_UNINITIALIZED_AUTOS = YES_AGGRESSIVE;
				GCC_WARN_UNUSED_FUNCTION = YES;
				GCC_WARN_UNUSED_VARIABLE = YES;
				IPHONEOS_DEPLOYMENT_TARGET = 11.4;
				MTL_ENABLE_DEBUG_INFO = YES;
				ONLY_ACTIVE_ARCH = YES;
				SDKROOT = iphoneos;
				SWIFT_ACTIVE_COMPILATION_CONDITIONS = DEBUG;
				SWIFT_OPTIMIZATION_LEVEL = "-Onone";
			};
			name = Debug;
		};
		D92268B820C40805001A1ACF /* Release */ = {
			isa = XCBuildConfiguration;
			buildSettings = {
				ALWAYS_SEARCH_USER_PATHS = NO;
				CLANG_ANALYZER_NONNULL = YES;
				CLANG_ANALYZER_NUMBER_OBJECT_CONVERSION = YES_AGGRESSIVE;
				CLANG_CXX_LANGUAGE_STANDARD = "gnu++14";
				CLANG_CXX_LIBRARY = "libc++";
				CLANG_ENABLE_MODULES = YES;
				CLANG_ENABLE_OBJC_ARC = YES;
				CLANG_ENABLE_OBJC_WEAK = YES;
				CLANG_WARN_BLOCK_CAPTURE_AUTORELEASING = YES;
				CLANG_WARN_BOOL_CONVERSION = YES;
				CLANG_WARN_COMMA = YES;
				CLANG_WARN_CONSTANT_CONVERSION = YES;
				CLANG_WARN_DEPRECATED_OBJC_IMPLEMENTATIONS = YES;
				CLANG_WARN_DIRECT_OBJC_ISA_USAGE = YES_ERROR;
				CLANG_WARN_DOCUMENTATION_COMMENTS = YES;
				CLANG_WARN_EMPTY_BODY = YES;
				CLANG_WARN_ENUM_CONVERSION = YES;
				CLANG_WARN_INFINITE_RECURSION = YES;
				CLANG_WARN_INT_CONVERSION = YES;
				CLANG_WARN_NON_LITERAL_NULL_CONVERSION = YES;
				CLANG_WARN_OBJC_IMPLICIT_RETAIN_SELF = YES;
				CLANG_WARN_OBJC_LITERAL_CONVERSION = YES;
				CLANG_WARN_OBJC_ROOT_CLASS = YES_ERROR;
				CLANG_WARN_RANGE_LOOP_ANALYSIS = YES;
				CLANG_WARN_STRICT_PROTOTYPES = YES;
				CLANG_WARN_SUSPICIOUS_MOVE = YES;
				CLANG_WARN_UNGUARDED_AVAILABILITY = YES_AGGRESSIVE;
				CLANG_WARN_UNREACHABLE_CODE = YES;
				CLANG_WARN__DUPLICATE_METHOD_MATCH = YES;
				CODE_SIGN_IDENTITY = "iPhone Developer";
				COPY_PHASE_STRIP = NO;
				DEBUG_INFORMATION_FORMAT = "dwarf-with-dsym";
				ENABLE_NS_ASSERTIONS = NO;
				ENABLE_STRICT_OBJC_MSGSEND = YES;
				GCC_C_LANGUAGE_STANDARD = gnu11;
				GCC_NO_COMMON_BLOCKS = YES;
				GCC_WARN_64_TO_32_BIT_CONVERSION = YES;
				GCC_WARN_ABOUT_RETURN_TYPE = YES_ERROR;
				GCC_WARN_UNDECLARED_SELECTOR = YES;
				GCC_WARN_UNINITIALIZED_AUTOS = YES_AGGRESSIVE;
				GCC_WARN_UNUSED_FUNCTION = YES;
				GCC_WARN_UNUSED_VARIABLE = YES;
				IPHONEOS_DEPLOYMENT_TARGET = 11.4;
				MTL_ENABLE_DEBUG_INFO = NO;
				SDKROOT = iphoneos;
				SWIFT_COMPILATION_MODE = wholemodule;
				SWIFT_OPTIMIZATION_LEVEL = "-O";
				VALIDATE_PRODUCT = YES;
			};
			name = Release;
		};
		D92268BA20C40805001A1ACF /* Debug */ = {
			isa = XCBuildConfiguration;
			baseConfigurationReference = 9F0144853DC6B3D2EDE72CD5 /* Pods-CryptoCurrencyTest.debug.xcconfig */;
			buildSettings = {
				ASSETCATALOG_COMPILER_APPICON_NAME = AppIcon;
				CODE_SIGN_STYLE = Automatic;
				DEVELOPMENT_TEAM = BUS8BGZ883;
				INFOPLIST_FILE = CryptoCurrencyTest/Info.plist;
				LD_RUNPATH_SEARCH_PATHS = (
					"$(inherited)",
					"@executable_path/Frameworks",
				);
				PRODUCT_BUNDLE_IDENTIFIER = com.mandaleo.CryptoCurrencyTest;
				PRODUCT_NAME = "$(TARGET_NAME)";
				SWIFT_VERSION = 4.0;
				TARGETED_DEVICE_FAMILY = 1;
			};
			name = Debug;
		};
		D92268BB20C40805001A1ACF /* Release */ = {
			isa = XCBuildConfiguration;
			baseConfigurationReference = 388737BA21884DFBAC528688 /* Pods-CryptoCurrencyTest.release.xcconfig */;
			buildSettings = {
				ASSETCATALOG_COMPILER_APPICON_NAME = AppIcon;
				CODE_SIGN_STYLE = Automatic;
				DEVELOPMENT_TEAM = BUS8BGZ883;
				INFOPLIST_FILE = CryptoCurrencyTest/Info.plist;
				LD_RUNPATH_SEARCH_PATHS = (
					"$(inherited)",
					"@executable_path/Frameworks",
				);
				PRODUCT_BUNDLE_IDENTIFIER = com.mandaleo.CryptoCurrencyTest;
				PRODUCT_NAME = "$(TARGET_NAME)";
				SWIFT_VERSION = 4.0;
				TARGETED_DEVICE_FAMILY = 1;
			};
			name = Release;
		};
		D9404A6B20C72FC800B15CB2 /* Debug */ = {
			isa = XCBuildConfiguration;
			buildSettings = {
				CODE_SIGN_STYLE = Automatic;
				DEVELOPMENT_TEAM = BUS8BGZ883;
				INFOPLIST_FILE = CryptoCurrencyTestUITests/Info.plist;
				LD_RUNPATH_SEARCH_PATHS = (
					"$(inherited)",
					"@executable_path/Frameworks",
					"@loader_path/Frameworks",
				);
				PRODUCT_BUNDLE_IDENTIFIER = com.mandaleo.CryptoCurrencyTestUITests;
				PRODUCT_NAME = "$(TARGET_NAME)";
				SWIFT_VERSION = 4.0;
				TARGETED_DEVICE_FAMILY = "1,2";
				TEST_TARGET_NAME = CryptoCurrencyTest;
			};
			name = Debug;
		};
		D9404A6C20C72FC800B15CB2 /* Release */ = {
			isa = XCBuildConfiguration;
			buildSettings = {
				CODE_SIGN_STYLE = Automatic;
				DEVELOPMENT_TEAM = BUS8BGZ883;
				INFOPLIST_FILE = CryptoCurrencyTestUITests/Info.plist;
				LD_RUNPATH_SEARCH_PATHS = (
					"$(inherited)",
					"@executable_path/Frameworks",
					"@loader_path/Frameworks",
				);
				PRODUCT_BUNDLE_IDENTIFIER = com.mandaleo.CryptoCurrencyTestUITests;
				PRODUCT_NAME = "$(TARGET_NAME)";
				SWIFT_VERSION = 4.0;
				TARGETED_DEVICE_FAMILY = "1,2";
				TEST_TARGET_NAME = CryptoCurrencyTest;
			};
			name = Release;
		};
		D9404A7A20C8587D00B15CB2 /* Debug */ = {
			isa = XCBuildConfiguration;
			baseConfigurationReference = 471B817B53DB73837ED31036 /* Pods-CryptoCurrencyUnitTests.debug.xcconfig */;
			buildSettings = {
				BUNDLE_LOADER = "$(TEST_HOST)";
				CLANG_ENABLE_MODULES = YES;
				CODE_SIGN_STYLE = Automatic;
				DEVELOPMENT_TEAM = BUS8BGZ883;
				INFOPLIST_FILE = CryptoCurrencyUnitTests/Info.plist;
				LD_RUNPATH_SEARCH_PATHS = (
					"$(inherited)",
					"@executable_path/Frameworks",
					"@loader_path/Frameworks",
				);
				PRODUCT_BUNDLE_IDENTIFIER = com.mandaleo.CryptoCurrencyUnitTests;
				PRODUCT_NAME = "$(TARGET_NAME)";
				SWIFT_OPTIMIZATION_LEVEL = "-Onone";
				SWIFT_VERSION = 4.0;
				TARGETED_DEVICE_FAMILY = "1,2";
				TEST_HOST = "$(BUILT_PRODUCTS_DIR)/CryptoCurrencyTest.app/CryptoCurrencyTest";
			};
			name = Debug;
		};
		D9404A7B20C8587D00B15CB2 /* Release */ = {
			isa = XCBuildConfiguration;
			baseConfigurationReference = 92B8B540BC4AAEF3F3E8E69A /* Pods-CryptoCurrencyUnitTests.release.xcconfig */;
			buildSettings = {
				BUNDLE_LOADER = "$(TEST_HOST)";
				CLANG_ENABLE_MODULES = YES;
				CODE_SIGN_STYLE = Automatic;
				DEVELOPMENT_TEAM = BUS8BGZ883;
				INFOPLIST_FILE = CryptoCurrencyUnitTests/Info.plist;
				LD_RUNPATH_SEARCH_PATHS = (
					"$(inherited)",
					"@executable_path/Frameworks",
					"@loader_path/Frameworks",
				);
				PRODUCT_BUNDLE_IDENTIFIER = com.mandaleo.CryptoCurrencyUnitTests;
				PRODUCT_NAME = "$(TARGET_NAME)";
				SWIFT_VERSION = 4.0;
				TARGETED_DEVICE_FAMILY = "1,2";
				TEST_HOST = "$(BUILT_PRODUCTS_DIR)/CryptoCurrencyTest.app/CryptoCurrencyTest";
			};
			name = Release;
		};
/* End XCBuildConfiguration section */

/* Begin XCConfigurationList section */
		D92268A220C40804001A1ACF /* Build configuration list for PBXProject "CryptoCurrencyTest" */ = {
			isa = XCConfigurationList;
			buildConfigurations = (
				D92268B720C40805001A1ACF /* Debug */,
				D92268B820C40805001A1ACF /* Release */,
			);
			defaultConfigurationIsVisible = 0;
			defaultConfigurationName = Release;
		};
		D92268B920C40805001A1ACF /* Build configuration list for PBXNativeTarget "CryptoCurrencyTest" */ = {
			isa = XCConfigurationList;
			buildConfigurations = (
				D92268BA20C40805001A1ACF /* Debug */,
				D92268BB20C40805001A1ACF /* Release */,
			);
			defaultConfigurationIsVisible = 0;
			defaultConfigurationName = Release;
		};
		D9404A6D20C72FC800B15CB2 /* Build configuration list for PBXNativeTarget "CryptoCurrencyTestUITests" */ = {
			isa = XCConfigurationList;
			buildConfigurations = (
				D9404A6B20C72FC800B15CB2 /* Debug */,
				D9404A6C20C72FC800B15CB2 /* Release */,
			);
			defaultConfigurationIsVisible = 0;
			defaultConfigurationName = Release;
		};
		D9404A7920C8587D00B15CB2 /* Build configuration list for PBXNativeTarget "CryptoCurrencyUnitTests" */ = {
			isa = XCConfigurationList;
			buildConfigurations = (
				D9404A7A20C8587D00B15CB2 /* Debug */,
				D9404A7B20C8587D00B15CB2 /* Release */,
			);
			defaultConfigurationIsVisible = 0;
			defaultConfigurationName = Release;
		};
/* End XCConfigurationList section */
	};
	rootObject = D922689F20C40804001A1ACF /* Project object */;
}
